
Microsoft Visual Studio Solution File, Format Version 12.00
# Visual Studio Version 17
VisualStudioVersion = 17.4.33103.184
MinimumVisualStudioVersion = 10.0.40219.1
Project("{2150E333-8FDC-42A3-9474-1A3956D46DE8}") = "src", "src", "{E9D8249B-ABF0-446E-8F9D-57B8575CF005}"
EndProject
Project("{2150E333-8FDC-42A3-9474-1A3956D46DE8}") = "test", "test", "{8E94A0FB-493C-4712-963A-B0D644AABD14}"
EndProject
Project("{2150E333-8FDC-42A3-9474-1A3956D46DE8}") = "Presentation", "Presentation", "{9B7CCEDD-1874-471C-A1A7-64FE748A34F9}"
EndProject
Project("{2150E333-8FDC-42A3-9474-1A3956D46DE8}") = "Core", "Core", "{7367D4BE-CCBB-4AE2-B168-9B3B3EF5F3B5}"
EndProject
Project("{2150E333-8FDC-42A3-9474-1A3956D46DE8}") = "Infrastructure", "Infrastructure", "{021A29AA-F8F4-441C-BEB6-2F4D86739431}"
EndProject
Project("{FAE04EC0-301F-11D3-BF4B-00C04F79EFBC}") = "Application", "Application\Application.csproj", "{B41BF795-8AC2-4E7E-962E-DD517E058CC0}"
EndProject
Project("{FAE04EC0-301F-11D3-BF4B-00C04F79EFBC}") = "Domain", "Domain\Domain.csproj", "{EB0BF954-4587-49FF-A787-393A6ED30486}"
EndProject
Project("{FAE04EC0-301F-11D3-BF4B-00C04F79EFBC}") = "Infrastructure", "Infrastructure\Infrastructure.csproj", "{7315EAAE-97C5-4306-BAC3-8A57CBDB9DC8}"
EndProject
Project("{FAE04EC0-301F-11D3-BF4B-00C04F79EFBC}") = "Persistence", "Persistence\Persistence.csproj", "{4C2E9F76-A60B-4EE5-98EA-36809E848933}"
EndProject
Project("{FAE04EC0-301F-11D3-BF4B-00C04F79EFBC}") = "WebApi", "WebApi\WebApi.csproj", "{49D3BE6A-AF2F-43E4-9040-2EFAC50B9C2A}"
EndProject
Global
	GlobalSection(SolutionConfigurationPlatforms) = preSolution
		Debug|Any CPU = Debug|Any CPU
		Release|Any CPU = Release|Any CPU
	EndGlobalSection
	GlobalSection(ProjectConfigurationPlatforms) = postSolution
		{B41BF795-8AC2-4E7E-962E-DD517E058CC0}.Debug|Any CPU.ActiveCfg = Debug|Any CPU
		{B41BF795-8AC2-4E7E-962E-DD517E058CC0}.Debug|Any CPU.Build.0 = Debug|Any CPU
		{B41BF795-8AC2-4E7E-962E-DD517E058CC0}.Release|Any CPU.ActiveCfg = Release|Any CPU
		{B41BF795-8AC2-4E7E-962E-DD517E058CC0}.Release|Any CPU.Build.0 = Release|Any CPU
		{EB0BF954-4587-49FF-A787-393A6ED30486}.Debug|Any CPU.ActiveCfg = Debug|Any CPU
		{EB0BF954-4587-49FF-A787-393A6ED30486}.Debug|Any CPU.Build.0 = Debug|Any CPU
		{EB0BF954-4587-49FF-A787-393A6ED30486}.Release|Any CPU.ActiveCfg = Release|Any CPU
		{EB0BF954-4587-49FF-A787-393A6ED30486}.Release|Any CPU.Build.0 = Release|Any CPU
		{7315EAAE-97C5-4306-BAC3-8A57CBDB9DC8}.Debug|Any CPU.ActiveCfg = Debug|Any CPU
		{7315EAAE-97C5-4306-BAC3-8A57CBDB9DC8}.Debug|Any CPU.Build.0 = Debug|Any CPU
		{7315EAAE-97C5-4306-BAC3-8A57CBDB9DC8}.Release|Any CPU.ActiveCfg = Release|Any CPU
		{7315EAAE-97C5-4306-BAC3-8A57CBDB9DC8}.Release|Any CPU.Build.0 = Release|Any CPU
		{4C2E9F76-A60B-4EE5-98EA-36809E848933}.Debug|Any CPU.ActiveCfg = Debug|Any CPU
		{4C2E9F76-A60B-4EE5-98EA-36809E848933}.Debug|Any CPU.Build.0 = Debug|Any CPU
		{4C2E9F76-A60B-4EE5-98EA-36809E848933}.Release|Any CPU.ActiveCfg = Release|Any CPU
		{4C2E9F76-A60B-4EE5-98EA-36809E848933}.Release|Any CPU.Build.0 = Release|Any CPU
		{49D3BE6A-AF2F-43E4-9040-2EFAC50B9C2A}.Debug|Any CPU.ActiveCfg = Debug|Any CPU
		{49D3BE6A-AF2F-43E4-9040-2EFAC50B9C2A}.Debug|Any CPU.Build.0 = Debug|Any CPU
		{49D3BE6A-AF2F-43E4-9040-2EFAC50B9C2A}.Release|Any CPU.ActiveCfg = Release|Any CPU
		{49D3BE6A-AF2F-43E4-9040-2EFAC50B9C2A}.Release|Any CPU.Build.0 = Release|Any CPU
	EndGlobalSection
	GlobalSection(SolutionProperties) = preSolution
		HideSolutionNode = FALSE
	EndGlobalSection
	GlobalSection(NestedProjects) = preSolution
		{9B7CCEDD-1874-471C-A1A7-64FE748A34F9} = {E9D8249B-ABF0-446E-8F9D-57B8575CF005}
		{7367D4BE-CCBB-4AE2-B168-9B3B3EF5F3B5} = {E9D8249B-ABF0-446E-8F9D-57B8575CF005}
		{021A29AA-F8F4-441C-BEB6-2F4D86739431} = {E9D8249B-ABF0-446E-8F9D-57B8575CF005}
		{B41BF795-8AC2-4E7E-962E-DD517E058CC0} = {7367D4BE-CCBB-4AE2-B168-9B3B3EF5F3B5}
		{EB0BF954-4587-49FF-A787-393A6ED30486} = {7367D4BE-CCBB-4AE2-B168-9B3B3EF5F3B5}
		{7315EAAE-97C5-4306-BAC3-8A57CBDB9DC8} = {021A29AA-F8F4-441C-BEB6-2F4D86739431}
		{4C2E9F76-A60B-4EE5-98EA-36809E848933} = {021A29AA-F8F4-441C-BEB6-2F4D86739431}
		{49D3BE6A-AF2F-43E4-9040-2EFAC50B9C2A} = {9B7CCEDD-1874-471C-A1A7-64FE748A34F9}
	EndGlobalSection
	GlobalSection(ExtensibilityGlobals) = postSolution
		SolutionGuid = {BE447E9B-7D93-4D94-A779-B6E75D5D3563}
	EndGlobalSection
EndGlobal
